// !$*UTF8*$!
{
	archiveVersion = 1;
	classes = {
	};
	objectVersion = 56;
	objects = {

/* Begin PBXBuildFile section */
		647F9E012AEA90AC003CABCB /* GastosPersonalesTrackerApp.swift in Sources */ = {isa = PBXBuildFile; fileRef = 647F9E002AEA90AC003CABCB /* GastosPersonalesTrackerApp.swift */; };
		647F9E032AEA90AC003CABCB /* ContentView.swift in Sources */ = {isa = PBXBuildFile; fileRef = 647F9E022AEA90AC003CABCB /* ContentView.swift */; };
		647F9E052AEA90AD003CABCB /* Assets.xcassets in Resources */ = {isa = PBXBuildFile; fileRef = 647F9E042AEA90AD003CABCB /* Assets.xcassets */; };
		647F9E082AEA90AD003CABCB /* Preview Assets.xcassets in Resources */ = {isa = PBXBuildFile; fileRef = 647F9E072AEA90AD003CABCB /* Preview Assets.xcassets */; };
		647F9E102AEA914B003CABCB /* Expenses.swift in Sources */ = {isa = PBXBuildFile; fileRef = 647F9E0F2AEA914B003CABCB /* Expenses.swift */; };
		647F9E132AEA9167003CABCB /* ExpensesViewModel.swift in Sources */ = {isa = PBXBuildFile; fileRef = 647F9E122AEA9167003CABCB /* ExpensesViewModel.swift */; };
		647F9E162AEA91AA003CABCB /* AddExpenseView.swift in Sources */ = {isa = PBXBuildFile; fileRef = 647F9E152AEA91AA003CABCB /* AddExpenseView.swift */; };
/* End PBXBuildFile section */

/* Begin PBXFileReference section */
		647F9DFD2AEA90AC003CABCB /* GastosPersonalesTracker.app */ = {isa = PBXFileReference; explicitFileType = wrapper.application; includeInIndex = 0; path = GastosPersonalesTracker.app; sourceTree = BUILT_PRODUCTS_DIR; };
		647F9E002AEA90AC003CABCB /* GastosPersonalesTrackerApp.swift */ = {isa = PBXFileReference; lastKnownFileType = sourcecode.swift; path = GastosPersonalesTrackerApp.swift; sourceTree = "<group>"; };
		647F9E022AEA90AC003CABCB /* ContentView.swift */ = {isa = PBXFileReference; lastKnownFileType = sourcecode.swift; path = ContentView.swift; sourceTree = "<group>"; };
		647F9E042AEA90AD003CABCB /* Assets.xcassets */ = {isa = PBXFileReference; lastKnownFileType = folder.assetcatalog; path = Assets.xcassets; sourceTree = "<group>"; };
		647F9E072AEA90AD003CABCB /* Preview Assets.xcassets */ = {isa = PBXFileReference; lastKnownFileType = folder.assetcatalog; path = "Preview Assets.xcassets"; sourceTree = "<group>"; };
		647F9E0F2AEA914B003CABCB /* Expenses.swift */ = {isa = PBXFileReference; lastKnownFileType = sourcecode.swift; path = Expenses.swift; sourceTree = "<group>"; };
		647F9E122AEA9167003CABCB /* ExpensesViewModel.swift */ = {isa = PBXFileReference; lastKnownFileType = sourcecode.swift; path = ExpensesViewModel.swift; sourceTree = "<group>"; };
		647F9E152AEA91AA003CABCB /* AddExpenseView.swift */ = {isa = PBXFileReference; lastKnownFileType = sourcecode.swift; path = AddExpenseView.swift; sourceTree = "<group>"; };
/* End PBXFileReference section */

/* Begin PBXFrameworksBuildPhase section */
		647F9DFA2AEA90AC003CABCB /* Frameworks */ = {
			isa = PBXFrameworksBuildPhase;
			buildActionMask = 2147483647;
			files = (
			);
			runOnlyForDeploymentPostprocessing = 0;
		};
/* End PBXFrameworksBuildPhase section */

/* Begin PBXGroup section */
		647F9DF42AEA90AB003CABCB = {
			isa = PBXGroup;
			children = (
				647F9DFF2AEA90AC003CABCB /* GastosPersonalesTracker */,
				647F9DFE2AEA90AC003CABCB /* Products */,
			);
			sourceTree = "<group>";
		};
		647F9DFE2AEA90AC003CABCB /* Products */ = {
			isa = PBXGroup;
			children = (
				647F9DFD2AEA90AC003CABCB /* GastosPersonalesTracker.app */,
			);
			name = Products;
			sourceTree = "<group>";
		};
		647F9DFF2AEA90AC003CABCB /* GastosPersonalesTracker */ = {
			isa = PBXGroup;
			children = (
				647F9E002AEA90AC003CABCB /* GastosPersonalesTrackerApp.swift */,
				647F9E142AEA9189003CABCB /* View */,
				647F9E0E2AEA9137003CABCB /* Model */,
				647F9E112AEA9158003CABCB /* ViewModel */,
				647F9E042AEA90AD003CABCB /* Assets.xcassets */,
				647F9E062AEA90AD003CABCB /* Preview Content */,
			);
			path = GastosPersonalesTracker;
			sourceTree = "<group>";
		};
		647F9E062AEA90AD003CABCB /* Preview Content */ = {
			isa = PBXGroup;
			children = (
				647F9E072AEA90AD003CABCB /* Preview Assets.xcassets */,
			);
			path = "Preview Content";
			sourceTree = "<group>";
		};
		647F9E0E2AEA9137003CABCB /* Model */ = {
			isa = PBXGroup;
			children = (
				647F9E0F2AEA914B003CABCB /* Expenses.swift */,
			);
			path = Model;
			sourceTree = "<group>";
		};
		647F9E112AEA9158003CABCB /* ViewModel */ = {
			isa = PBXGroup;
			children = (
				647F9E122AEA9167003CABCB /* ExpensesViewModel.swift */,
			);
			path = ViewModel;
			sourceTree = "<group>";
		};
		647F9E142AEA9189003CABCB /* View */ = {
			isa = PBXGroup;
			children = (
				647F9E022AEA90AC003CABCB /* ContentView.swift */,
				647F9E152AEA91AA003CABCB /* AddExpenseView.swift */,
			);
			path = View;
			sourceTree = "<group>";
		};
/* End PBXGroup section */

/* Begin PBXNativeTarget section */
		647F9DFC2AEA90AC003CABCB /* GastosPersonalesTracker */ = {
			isa = PBXNativeTarget;
			buildConfigurationList = 647F9E0B2AEA90AD003CABCB /* Build configuration list for PBXNativeTarget "GastosPersonalesTracker" */;
			buildPhases = (
				647F9DF92AEA90AC003CABCB /* Sources */,
				647F9DFA2AEA90AC003CABCB /* Frameworks */,
				647F9DFB2AEA90AC003CABCB /* Resources */,
			);
			buildRules = (
			);
			dependencies = (
			);
			name = GastosPersonalesTracker;
			productName = GastosPersonalesTracker;
			productReference = 647F9DFD2AEA90AC003CABCB /* GastosPersonalesTracker.app */;
			productType = "com.apple.product-type.application";
		};
/* End PBXNativeTarget section */

/* Begin PBXProject section */
		647F9DF52AEA90AB003CABCB /* Project object */ = {
			isa = PBXProject;
			attributes = {
				BuildIndependentTargetsInParallel = 1;
				LastSwiftUpdateCheck = 1410;
				LastUpgradeCheck = 1410;
				TargetAttributes = {
					647F9DFC2AEA90AC003CABCB = {
						CreatedOnToolsVersion = 14.1;
					};
				};
			};
			buildConfigurationList = 647F9DF82AEA90AB003CABCB /* Build configuration list for PBXProject "GastosPersonalesTracker" */;
			compatibilityVersion = "Xcode 14.0";
			developmentRegion = en;
			hasScannedForEncodings = 0;
			knownRegions = (
				en,
				Base,
			);
			mainGroup = 647F9DF42AEA90AB003CABCB;
			productRefGroup = 647F9DFE2AEA90AC003CABCB /* Products */;
			projectDirPath = "";
			projectRoot = "";
			targets = (
				647F9DFC2AEA90AC003CABCB /* GastosPersonalesTracker */,
			);
		};
/* End PBXProject section */

/* Begin PBXResourcesBuildPhase section */
		647F9DFB2AEA90AC003CABCB /* Resources */ = {
			isa = PBXResourcesBuildPhase;
			buildActionMask = 2147483647;
			files = (
				647F9E082AEA90AD003CABCB /* Preview Assets.xcassets in Resources */,
				647F9E052AEA90AD003CABCB /* Assets.xcassets in Resources */,
			);
			runOnlyForDeploymentPostprocessing = 0;
		};
/* End PBXResourcesBuildPhase section */

/* Begin PBXSourcesBuildPhase section */
		647F9DF92AEA90AC003CABCB /* Sources */ = {
			isa = PBXSourcesBuildPhase;
			buildActionMask = 2147483647;
			files = (
				647F9E102AEA914B003CABCB /* Expenses.swift in Sources */,
				647F9E132AEA9167003CABCB /* ExpensesViewModel.swift in Sources */,
				647F9E162AEA91AA003CABCB /* AddExpenseView.swift in Sources */,
				647F9E032AEA90AC003CABCB /* ContentView.swift in Sources */,
				647F9E012AEA90AC003CABCB /* GastosPersonalesTrackerApp.swift in Sources */,
			);
			runOnlyForDeploymentPostprocessing = 0;
		};
/* End PBXSourcesBuildPhase section */

/* Begin XCBuildConfiguration section */
		647F9E092AEA90AD003CABCB /* Debug */ = {
			isa = XCBuildConfiguration;
			buildSettings = {
				ALWAYS_SEARCH_USER_PATHS = NO;
				CLANG_ANALYZER_NONNULL = YES;
				CLANG_ANALYZER_NUMBER_OBJECT_CONVERSION = YES_AGGRESSIVE;
				CLANG_CXX_LANGUAGE_STANDARD = "gnu++20";
				CLANG_ENABLE_MODULES = YES;
				CLANG_ENABLE_OBJC_ARC = YES;
				CLANG_ENABLE_OBJC_WEAK = YES;
				CLANG_WARN_BLOCK_CAPTURE_AUTORELEASING = YES;
				CLANG_WARN_BOOL_CONVERSION = YES;
				CLANG_WARN_COMMA = YES;
				CLANG_WARN_CONSTANT_CONVERSION = YES;
				CLANG_WARN_DEPRECATED_OBJC_IMPLEMENTATIONS = YES;
				CLANG_WARN_DIRECT_OBJC_ISA_USAGE = YES_ERROR;
				CLANG_WARN_DOCUMENTATION_COMMENTS = YES;
				CLANG_WARN_EMPTY_BODY = YES;
				CLANG_WARN_ENUM_CONVERSION = YES;
				CLANG_WARN_INFINITE_RECURSION = YES;
				CLANG_WARN_INT_CONVERSION = YES;
				CLANG_WARN_NON_LITERAL_NULL_CONVERSION = YES;
				CLANG_WARN_OBJC_IMPLICIT_RETAIN_SELF = YES;
				CLANG_WARN_OBJC_LITERAL_CONVERSION = YES;
				CLANG_WARN_OBJC_ROOT_CLASS = YES_ERROR;
				CLANG_WARN_QUOTED_INCLUDE_IN_FRAMEWORK_HEADER = YES;
				CLANG_WARN_RANGE_LOOP_ANALYSIS = YES;
				CLANG_WARN_STRICT_PROTOTYPES = YES;
				CLANG_WARN_SUSPICIOUS_MOVE = YES;
				CLANG_WARN_UNGUARDED_AVAILABILITY = YES_AGGRESSIVE;
				CLANG_WARN_UNREACHABLE_CODE = YES;
				CLANG_WARN__DUPLICATE_METHOD_MATCH = YES;
				COPY_PHASE_STRIP = NO;
				DEBUG_INFORMATION_FORMAT = dwarf;
				ENABLE_STRICT_OBJC_MSGSEND = YES;
				ENABLE_TESTABILITY = YES;
				GCC_C_LANGUAGE_STANDARD = gnu11;
				GCC_DYNAMIC_NO_PIC = NO;
				GCC_NO_COMMON_BLOCKS = YES;
				GCC_OPTIMIZATION_LEVEL = 0;
				GCC_PREPROCESSOR_DEFINITIONS = (
					"DEBUG=1",
					"$(inherited)",
				);
				GCC_WARN_64_TO_32_BIT_CONVERSION = YES;
				GCC_WARN_ABOUT_RETURN_TYPE = YES_ERROR;
				GCC_WARN_UNDECLARED_SELECTOR = YES;
				GCC_WARN_UNINITIALIZED_AUTOS = YES_AGGRESSIVE;
				GCC_WARN_UNUSED_FUNCTION = YES;
				GCC_WARN_UNUSED_VARIABLE = YES;
				IPHONEOS_DEPLOYMENT_TARGET = 16.1;
				MTL_ENABLE_DEBUG_INFO = INCLUDE_SOURCE;
				MTL_FAST_MATH = YES;
				ONLY_ACTIVE_ARCH = YES;
				SDKROOT = iphoneos;
				SWIFT_ACTIVE_COMPILATION_CONDITIONS = DEBUG;
				SWIFT_OPTIMIZATION_LEVEL = "-Onone";
			};
			name = Debug;
		};
		647F9E0A2AEA90AD003CABCB /* Release */ = {
			isa = XCBuildConfiguration;
			buildSettings = {
				ALWAYS_SEARCH_USER_PATHS = NO;
				CLANG_ANALYZER_NONNULL = YES;
				CLANG_ANALYZER_NUMBER_OBJECT_CONVERSION = YES_AGGRESSIVE;
				CLANG_CXX_LANGUAGE_STANDARD = "gnu++20";
				CLANG_ENABLE_MODULES = YES;
				CLANG_ENABLE_OBJC_ARC = YES;
				CLANG_ENABLE_OBJC_WEAK = YES;
				CLANG_WARN_BLOCK_CAPTURE_AUTORELEASING = YES;
				CLANG_WARN_BOOL_CONVERSION = YES;
				CLANG_WARN_COMMA = YES;
				CLANG_WARN_CONSTANT_CONVERSION = YES;
				CLANG_WARN_DEPRECATED_OBJC_IMPLEMENTATIONS = YES;
				CLANG_WARN_DIRECT_OBJC_ISA_USAGE = YES_ERROR;
				CLANG_WARN_DOCUMENTATION_COMMENTS = YES;
				CLANG_WARN_EMPTY_BODY = YES;
				CLANG_WARN_ENUM_CONVERSION = YES;
				CLANG_WARN_INFINITE_RECURSION = YES;
				CLANG_WARN_INT_CONVERSION = YES;
				CLANG_WARN_NON_LITERAL_NULL_CONVERSION = YES;
				CLANG_WARN_OBJC_IMPLICIT_RETAIN_SELF = YES;
				CLANG_WARN_OBJC_LITERAL_CONVERSION = YES;
				CLANG_WARN_OBJC_ROOT_CLASS = YES_ERROR;
				CLANG_WARN_QUOTED_INCLUDE_IN_FRAMEWORK_HEADER = YES;
				CLANG_WARN_RANGE_LOOP_ANALYSIS = YES;
				CLANG_WARN_STRICT_PROTOTYPES = YES;
				CLANG_WARN_SUSPICIOUS_MOVE = YES;
				CLANG_WARN_UNGUARDED_AVAILABILITY = YES_AGGRESSIVE;
				CLANG_WARN_UNREACHABLE_CODE = YES;
				CLANG_WARN__DUPLICATE_METHOD_MATCH = YES;
				COPY_PHASE_STRIP = NO;
				DEBUG_INFORMATION_FORMAT = "dwarf-with-dsym";
				ENABLE_NS_ASSERTIONS = NO;
				ENABLE_STRICT_OBJC_MSGSEND = YES;
				GCC_C_LANGUAGE_STANDARD = gnu11;
				GCC_NO_COMMON_BLOCKS = YES;
				GCC_WARN_64_TO_32_BIT_CONVERSION = YES;
				GCC_WARN_ABOUT_RETURN_TYPE = YES_ERROR;
				GCC_WARN_UNDECLARED_SELECTOR = YES;
				GCC_WARN_UNINITIALIZED_AUTOS = YES_AGGRESSIVE;
				GCC_WARN_UNUSED_FUNCTION = YES;
				GCC_WARN_UNUSED_VARIABLE = YES;
				IPHONEOS_DEPLOYMENT_TARGET = 16.1;
				MTL_ENABLE_DEBUG_INFO = NO;
				MTL_FAST_MATH = YES;
				SDKROOT = iphoneos;
				SWIFT_COMPILATION_MODE = wholemodule;
				SWIFT_OPTIMIZATION_LEVEL = "-O";
				VALIDATE_PRODUCT = YES;
			};
			name = Release;
		};
		647F9E0C2AEA90AD003CABCB /* Debug */ = {
			isa = XCBuildConfiguration;
			buildSettings = {
				ASSETCATALOG_COMPILER_APPICON_NAME = AppIcon;
				ASSETCATALOG_COMPILER_GLOBAL_ACCENT_COLOR_NAME = AccentColor;
				CODE_SIGN_STYLE = Automatic;
				CURRENT_PROJECT_VERSION = 1;
				DEVELOPMENT_ASSET_PATHS = "\"GastosPersonalesTracker/Preview Content\"";
				DEVELOPMENT_TEAM = 84664PFYLJ;
				ENABLE_PREVIEWS = YES;
				GENERATE_INFOPLIST_FILE = YES;
				INFOPLIST_KEY_UIApplicationSceneManifest_Generation = YES;
				INFOPLIST_KEY_UIApplicationSupportsIndirectInputEvents = YES;
				INFOPLIST_KEY_UILaunchScreen_Generation = YES;
				INFOPLIST_KEY_UISupportedInterfaceOrientations_iPad = "UIInterfaceOrientationPortrait UIInterfaceOrientationPortraitUpsideDown UIInterfaceOrientationLandscapeLeft UIInterfaceOrientationLandscapeRight";
				INFOPLIST_KEY_UISupportedInterfaceOrientations_iPhone = "UIInterfaceOrientationPortrait UIInterfaceOrientationLandscapeLeft UIInterfaceOrientationLandscapeRight";
				LD_RUNPATH_SEARCH_PATHS = (
					"$(inherited)",
					"@executable_path/Frameworks",
				);
				MARKETING_VERSION = 1.0;
				PRODUCT_BUNDLE_IDENTIFIER = com.isrozo.GastosPersonalesTracker;
				PRODUCT_NAME = "$(TARGET_NAME)";
				SWIFT_EMIT_LOC_STRINGS = YES;
				SWIFT_VERSION = 5.0;
				TARGETED_DEVICE_FAMILY = "1,2";
			};
			name = Debug;
		};
		647F9E0D2AEA90AD003CABCB /* Release */ = {
			isa = XCBuildConfiguration;
			buildSettings = {
				ASSETCATALOG_COMPILER_APPICON_NAME = AppIcon;
				ASSETCATALOG_COMPILER_GLOBAL_ACCENT_COLOR_NAME = AccentColor;
				CODE_SIGN_STYLE = Automatic;
				CURRENT_PROJECT_VERSION = 1;
				DEVELOPMENT_ASSET_PATHS = "\"GastosPersonalesTracker/Preview Content\"";
				DEVELOPMENT_TEAM = 84664PFYLJ;
				ENABLE_PREVIEWS = YES;
				GENERATE_INFOPLIST_FILE = YES;
				INFOPLIST_KEY_UIApplicationSceneManifest_Generation = YES;
				INFOPLIST_KEY_UIApplicationSupportsIndirectInputEvents = YES;
				INFOPLIST_KEY_UILaunchScreen_Generation = YES;
				INFOPLIST_KEY_UISupportedInterfaceOrientations_iPad = "UIInterfaceOrientationPortrait UIInterfaceOrientationPortraitUpsideDown UIInterfaceOrientationLandscapeLeft UIInterfaceOrientationLandscapeRight";
				INFOPLIST_KEY_UISupportedInterfaceOrientations_iPhone = "UIInterfaceOrientationPortrait UIInterfaceOrientationLandscapeLeft UIInterfaceOrientationLandscapeRight";
				LD_RUNPATH_SEARCH_PATHS = (
					"$(inherited)",
					"@executable_path/Frameworks",
				);
				MARKETING_VERSION = 1.0;
				PRODUCT_BUNDLE_IDENTIFIER = com.isrozo.GastosPersonalesTracker;
				PRODUCT_NAME = "$(TARGET_NAME)";
				SWIFT_EMIT_LOC_STRINGS = YES;
				SWIFT_VERSION = 5.0;
				TARGETED_DEVICE_FAMILY = "1,2";
			};
			name = Release;
		};
/* End XCBuildConfiguration section */

/* Begin XCConfigurationList section */
		647F9DF82AEA90AB003CABCB /* Build configuration list for PBXProject "GastosPersonalesTracker" */ = {
			isa = XCConfigurationList;
			buildConfigurations = (
				647F9E092AEA90AD003CABCB /* Debug */,
				647F9E0A2AEA90AD003CABCB /* Release */,
			);
			defaultConfigurationIsVisible = 0;
			defaultConfigurationName = Release;
		};
		647F9E0B2AEA90AD003CABCB /* Build configuration list for PBXNativeTarget "GastosPersonalesTracker" */ = {
			isa = XCConfigurationList;
			buildConfigurations = (
				647F9E0C2AEA90AD003CABCB /* Debug */,
				647F9E0D2AEA90AD003CABCB /* Release */,
			);
			defaultConfigurationIsVisible = 0;
			defaultConfigurationName = Release;
		};
/* End XCConfigurationList section */
	};
	rootObject = 647F9DF52AEA90AB003CABCB /* Project object */;
}
